{
    "name": "@canyoncasa/node-red-persist-data",
    "version": "0.2.1",
    "lockfileVersion": 3,
    "requires": true,
    "packages": {
        "": {
            "name": "@canyoncasa/node-red-persist-data",
            "version": "0.2.1",
            "license": "ISC",
            "dependencies": {
                "@canyoncasa/node-red-persist-data": "file:canyoncasa-node-red-persist-data-0.2.1.tgz"
            }
        },
        "node_modules/@canyoncasa/node-red-persist-data": {
            "version": "0.2.1",
            "resolved": "file:canyoncasa-node-red-persist-data-0.2.1.tgz",
            "integrity": "sha512-SkbXyPgcjLelPa97ayYWFXe/6e+PauG9Otvds8Vum4DEcsmsgvDLRtjBMQuTq74NPXHwr6Fmf+2SOkuXxQTabA==",
            "license": "ISC"
        }
    }
}
