{
    "name": "@canyoncasa/node-red-passthru-history",
    "version": "0.1.1",
    "lockfileVersion": 3,
    "requires": true,
    "packages": {
        "": {
            "name": "@canyoncasa/node-red-passthru-history",
            "version": "0.1.1",
            "license": "ISC",
            "dependencies": {
                "@canyoncasa/node-red-passthru-history": "file:canyoncasa-node-red-passthru-history-0.1.1.tgz"
            }
        },
        "node_modules/@canyoncasa/node-red-passthru-history": {
            "version": "0.1.1",
            "resolved": "file:canyoncasa-node-red-passthru-history-0.1.1.tgz",
            "integrity": "sha512-vnEYXT9zhvlIi7HVpyH3Y/aqHoVVEUGUbN/bj6zCoO1rs38/teI++TJfpHi5bIObtrKkJwK/6/+ZCZoDBuFbxA==",
            "license": "ISC"
        }
    }
}
